{
  "version": 4,
  "terraform_version": "1.7.5",
  "serial": 5,
  "lineage": "2d8aa4aa-1d07-7b4c-3263-5fbfa9cc3253",
  "outputs": {},
  "resources": [
    {
      "mode": "managed",
      "type": "github_repository",
      "name": "github_repo_using_terraform",
      "provider": "provider[\"registry.terraform.io/hashicorp/github\"]",
      "instances": [
        {
          "schema_version": 1,
          "attributes": {
            "allow_auto_merge": false,
            "allow_merge_commit": true,
            "allow_rebase_merge": true,
            "allow_squash_merge": true,
            "allow_update_branch": false,
            "archive_on_destroy": null,
            "archived": false,
            "auto_init": true,
            "default_branch": "main",
            "delete_branch_on_merge": false,
            "description": "First Repo using Terraform",
            "etag": "W/\"780d0f47a04b024fbfc516e1fa4a37216b74a947c97f4239e6b00a9b30d39cf9\"",
            "full_name": "bishal1289/Repo_Using_Terraform",
            "git_clone_url": "git://github.com/bishal1289/Repo_Using_Terraform.git",
            "gitignore_template": null,
            "has_discussions": false,
            "has_downloads": false,
            "has_issues": false,
            "has_projects": false,
            "has_wiki": false,
            "homepage_url": "",
            "html_url": "https://github.com/bishal1289/Repo_Using_Terraform",
            "http_clone_url": "https://github.com/bishal1289/Repo_Using_Terraform.git",
            "id": "Repo_Using_Terraform",
            "ignore_vulnerability_alerts_during_read": null,
            "is_template": false,
            "license_template": null,
            "merge_commit_message": "PR_TITLE",
            "merge_commit_title": "MERGE_MESSAGE",
            "name": "Repo_Using_Terraform",
            "node_id": "R_kgDOLrhtjg",
            "pages": [],
            "primary_language": "",
            "private": false,
            "repo_id": 783838606,
            "security_and_analysis": [
              {
                "advanced_security": [],
                "secret_scanning": [
                  {
                    "status": "enabled"
                  }
                ],
                "secret_scanning_push_protection": [
                  {
                    "status": "enabled"
                  }
                ]
              }
            ],
            "squash_merge_commit_message": "COMMIT_MESSAGES",
            "squash_merge_commit_title": "COMMIT_OR_PR_TITLE",
            "ssh_clone_url": "git@github.com:bishal1289/Repo_Using_Terraform.git",
            "svn_url": "https://github.com/bishal1289/Repo_Using_Terraform",
            "template": [],
            "topics": [],
            "visibility": "public",
            "vulnerability_alerts": false,
            "web_commit_signoff_required": false
          },
          "sensitive_attributes": [],
          "private": "eyJzY2hlbWFfdmVyc2lvbiI6IjEifQ=="
        }
      ]
    }
  ],
  "check_results": null
}
